
Microsoft Visual Studio Solution File, Format Version 12.00
# Visual Studio Version 18
VisualStudioVersion = 18.3.11520.95
MinimumVisualStudioVersion = 10.0.40219.1
Project("{FAE04EC0-301F-11D3-BF4B-00C04F79EFBC}") = "XchyUIDemo", "XchyUIDemo\XchyUIDemo.csproj", "{89C446F4-BB9C-4C9B-88CE-9F71D8F336DB}"
EndProject
Project("{FAE04EC0-301F-11D3-BF4B-00C04F79EFBC}") = "XchyUIDemo.SharpShap2x", "XchyUIDemo.SharpShap2x\XchyUIDemo.SharpShap2x.csproj", "{C36ABFFF-D639-40EE-8E3F-8B0D904111EE}"
EndProject
Project("{FAE04EC0-301F-11D3-BF4B-00C04F79EFBC}") = "XchyUI.Components", "XchyUI.Components\XchyUI.Components.csproj", "{5E2CE16F-E657-2154-60E2-E22273862BD4}"
EndProject
Global
	GlobalSection(SolutionConfigurationPlatforms) = preSolution
		Debug|Any CPU = Debug|Any CPU
		Release|Any CPU = Release|Any CPU
	EndGlobalSection
	GlobalSection(ProjectConfigurationPlatforms) = postSolution
		{89C446F4-BB9C-4C9B-88CE-9F71D8F336DB}.Debug|Any CPU.ActiveCfg = Debug|Any CPU
		{89C446F4-BB9C-4C9B-88CE-9F71D8F336DB}.Debug|Any CPU.Build.0 = Debug|Any CPU
		{89C446F4-BB9C-4C9B-88CE-9F71D8F336DB}.Release|Any CPU.ActiveCfg = Release|Any CPU
		{89C446F4-BB9C-4C9B-88CE-9F71D8F336DB}.Release|Any CPU.Build.0 = Release|Any CPU
		{C36ABFFF-D639-40EE-8E3F-8B0D904111EE}.Debug|Any CPU.ActiveCfg = Debug|Any CPU
		{C36ABFFF-D639-40EE-8E3F-8B0D904111EE}.Debug|Any CPU.Build.0 = Debug|Any CPU
		{C36ABFFF-D639-40EE-8E3F-8B0D904111EE}.Release|Any CPU.ActiveCfg = Release|Any CPU
		{C36ABFFF-D639-40EE-8E3F-8B0D904111EE}.Release|Any CPU.Build.0 = Release|Any CPU
		{5E2CE16F-E657-2154-60E2-E22273862BD4}.Debug|Any CPU.ActiveCfg = Debug|Any CPU
		{5E2CE16F-E657-2154-60E2-E22273862BD4}.Debug|Any CPU.Build.0 = Debug|Any CPU
		{5E2CE16F-E657-2154-60E2-E22273862BD4}.Release|Any CPU.ActiveCfg = Release|Any CPU
		{5E2CE16F-E657-2154-60E2-E22273862BD4}.Release|Any CPU.Build.0 = Release|Any CPU
	EndGlobalSection
	GlobalSection(SolutionProperties) = preSolution
		HideSolutionNode = FALSE
	EndGlobalSection
	GlobalSection(ExtensibilityGlobals) = postSolution
		SolutionGuid = {77A7DC19-8533-4A56-947F-5FE219A30725}
	EndGlobalSection
EndGlobal
